
Microsoft Visual Studio Solution File, Format Version 12.00
# Visual Studio Version 16
VisualStudioVersion = 16.0.31129.286
MinimumVisualStudioVersion = 10.0.40219.1
Project("{9A19103F-16F7-4668-BE54-9A1E7A4F7556}") = "WAD.WebApp.7947", "WAD.WebApp.7947\WAD.WebApp.7947.csproj", "{CDB7F911-F457-4AF7-B523-BD5894F154DA}"
EndProject
Project("{FAE04EC0-301F-11D3-BF4B-00C04F79EFBC}") = "WAD.WebApp.7947.DAL", "WAD.WebApp.7947.DAL\WAD.WebApp.7947.DAL.csproj", "{B6290B78-62A7-49C8-9B92-C486F54839E8}"
EndProject
Global
	GlobalSection(SolutionConfigurationPlatforms) = preSolution
		Debug|Any CPU = Debug|Any CPU
		Release|Any CPU = Release|Any CPU
	EndGlobalSection
	GlobalSection(ProjectConfigurationPlatforms) = postSolution
		{CDB7F911-F457-4AF7-B523-BD5894F154DA}.Debug|Any CPU.ActiveCfg = Debug|Any CPU
		{CDB7F911-F457-4AF7-B523-BD5894F154DA}.Debug|Any CPU.Build.0 = Debug|Any CPU
		{CDB7F911-F457-4AF7-B523-BD5894F154DA}.Release|Any CPU.ActiveCfg = Release|Any CPU
		{CDB7F911-F457-4AF7-B523-BD5894F154DA}.Release|Any CPU.Build.0 = Release|Any CPU
		{B6290B78-62A7-49C8-9B92-C486F54839E8}.Debug|Any CPU.ActiveCfg = Debug|Any CPU
		{B6290B78-62A7-49C8-9B92-C486F54839E8}.Debug|Any CPU.Build.0 = Debug|Any CPU
		{B6290B78-62A7-49C8-9B92-C486F54839E8}.Release|Any CPU.ActiveCfg = Release|Any CPU
		{B6290B78-62A7-49C8-9B92-C486F54839E8}.Release|Any CPU.Build.0 = Release|Any CPU
	EndGlobalSection
	GlobalSection(SolutionProperties) = preSolution
		HideSolutionNode = FALSE
	EndGlobalSection
	GlobalSection(ExtensibilityGlobals) = postSolution
		SolutionGuid = {28D3835D-BDAE-4EAD-A188-F6F6DFF13247}
	EndGlobalSection
EndGlobal
